
Microsoft Visual Studio Solution File, Format Version 12.00
# Visual Studio Version 16
VisualStudioVersion = 16.0.31205.134
MinimumVisualStudioVersion = 10.0.40219.1
Project("{FAE04EC0-301F-11D3-BF4B-00C04F79EFBC}") = "Grammer.IssueTracking.WinForms", "src\Grammer.IssueTracking.WinForms\Grammer.IssueTracking.WinForms.csproj", "{30F32C22-DB20-425A-88CC-A22231B88602}"
EndProject
Project("{2150E333-8FDC-42A3-9474-1A3956D46DE8}") = "_SolutionItems", "_SolutionItems", "{D399272A-21AC-4473-ABB9-EABA6D5E897A}"
	ProjectSection(SolutionItems) = preProject
		.gitignore = .gitignore
		README.md = README.md
	EndProjectSection
EndProject
Project("{FAE04EC0-301F-11D3-BF4B-00C04F79EFBC}") = "Grammer.IssueTracking.Wpf", "src\Grammer.IssueTracking.Wpf\Grammer.IssueTracking.Wpf.csproj", "{E6F513CA-A968-4DB0-8C89-FF946EF7B485}"
EndProject
Project("{FAE04EC0-301F-11D3-BF4B-00C04F79EFBC}") = "Grammer.IssueTracking.Core", "src\Grammer.IssueTracking.Core\Grammer.IssueTracking.Core.csproj", "{207A71C1-DAF1-4F56-9F88-0ED292A2C28A}"
EndProject
Global
	GlobalSection(SolutionConfigurationPlatforms) = preSolution
		Debug|Any CPU = Debug|Any CPU
		Release|Any CPU = Release|Any CPU
	EndGlobalSection
	GlobalSection(ProjectConfigurationPlatforms) = postSolution
		{30F32C22-DB20-425A-88CC-A22231B88602}.Debug|Any CPU.ActiveCfg = Debug|Any CPU
		{30F32C22-DB20-425A-88CC-A22231B88602}.Debug|Any CPU.Build.0 = Debug|Any CPU
		{30F32C22-DB20-425A-88CC-A22231B88602}.Release|Any CPU.ActiveCfg = Release|Any CPU
		{30F32C22-DB20-425A-88CC-A22231B88602}.Release|Any CPU.Build.0 = Release|Any CPU
		{E6F513CA-A968-4DB0-8C89-FF946EF7B485}.Debug|Any CPU.ActiveCfg = Debug|Any CPU
		{E6F513CA-A968-4DB0-8C89-FF946EF7B485}.Debug|Any CPU.Build.0 = Debug|Any CPU
		{E6F513CA-A968-4DB0-8C89-FF946EF7B485}.Release|Any CPU.ActiveCfg = Release|Any CPU
		{E6F513CA-A968-4DB0-8C89-FF946EF7B485}.Release|Any CPU.Build.0 = Release|Any CPU
		{207A71C1-DAF1-4F56-9F88-0ED292A2C28A}.Debug|Any CPU.ActiveCfg = Debug|Any CPU
		{207A71C1-DAF1-4F56-9F88-0ED292A2C28A}.Debug|Any CPU.Build.0 = Debug|Any CPU
		{207A71C1-DAF1-4F56-9F88-0ED292A2C28A}.Release|Any CPU.ActiveCfg = Release|Any CPU
		{207A71C1-DAF1-4F56-9F88-0ED292A2C28A}.Release|Any CPU.Build.0 = Release|Any CPU
	EndGlobalSection
	GlobalSection(SolutionProperties) = preSolution
		HideSolutionNode = FALSE
	EndGlobalSection
	GlobalSection(ExtensibilityGlobals) = postSolution
		SolutionGuid = {3AB2EDFA-06CC-40D4-9A33-97771FC110A4}
	EndGlobalSection
EndGlobal
